
Microsoft Visual Studio Solution File, Format Version 12.00
# Visual Studio Version 17
VisualStudioVersion = 17.8.34309.116
MinimumVisualStudioVersion = 10.0.40219.1
Project("{FAE04EC0-301F-11D3-BF4B-00C04F79EFBC}") = "Tutorial_11", "Tutorial_11.csproj", "{70FB9814-8AAB-4DF7-BF8B-05BB08AA9E15}"
EndProject
Global
	GlobalSection(SolutionConfigurationPlatforms) = preSolution
		Debug|Any CPU = Debug|Any CPU
		Release|Any CPU = Release|Any CPU
	EndGlobalSection
	GlobalSection(ProjectConfigurationPlatforms) = postSolution
		{70FB9814-8AAB-4DF7-BF8B-05BB08AA9E15}.Debug|Any CPU.ActiveCfg = Debug|Any CPU
		{70FB9814-8AAB-4DF7-BF8B-05BB08AA9E15}.Debug|Any CPU.Build.0 = Debug|Any CPU
		{70FB9814-8AAB-4DF7-BF8B-05BB08AA9E15}.Release|Any CPU.ActiveCfg = Release|Any CPU
		{70FB9814-8AAB-4DF7-BF8B-05BB08AA9E15}.Release|Any CPU.Build.0 = Release|Any CPU
	EndGlobalSection
	GlobalSection(SolutionProperties) = preSolution
		HideSolutionNode = FALSE
	EndGlobalSection
	GlobalSection(ExtensibilityGlobals) = postSolution
		SolutionGuid = {6FBD61A8-233A-4915-A7B3-1AF572197811}
	EndGlobalSection
EndGlobal
