
Microsoft Visual Studio Solution File, Format Version 12.00
# Visual Studio Version 17
VisualStudioVersion = 17.7.34221.43
MinimumVisualStudioVersion = 10.0.40219.1
Project("{FAE04EC0-301F-11D3-BF4B-00C04F79EFBC}") = "Tutorial_09", "Tutorial_09\Tutorial_09.csproj", "{394E01D0-AC68-473B-98E7-D7B39BCBFEF0}"
EndProject
Global
	GlobalSection(SolutionConfigurationPlatforms) = preSolution
		Debug|Any CPU = Debug|Any CPU
		Release|Any CPU = Release|Any CPU
	EndGlobalSection
	GlobalSection(ProjectConfigurationPlatforms) = postSolution
		{394E01D0-AC68-473B-98E7-D7B39BCBFEF0}.Debug|Any CPU.ActiveCfg = Debug|Any CPU
		{394E01D0-AC68-473B-98E7-D7B39BCBFEF0}.Debug|Any CPU.Build.0 = Debug|Any CPU
		{394E01D0-AC68-473B-98E7-D7B39BCBFEF0}.Release|Any CPU.ActiveCfg = Release|Any CPU
		{394E01D0-AC68-473B-98E7-D7B39BCBFEF0}.Release|Any CPU.Build.0 = Release|Any CPU
	EndGlobalSection
	GlobalSection(SolutionProperties) = preSolution
		HideSolutionNode = FALSE
	EndGlobalSection
	GlobalSection(ExtensibilityGlobals) = postSolution
		SolutionGuid = {827FB596-BADE-4284-BE7B-5AD17828E7E6}
	EndGlobalSection
EndGlobal
