
Microsoft Visual Studio Solution File, Format Version 12.00
# Visual Studio Version 17
VisualStudioVersion = 17.7.34221.43
MinimumVisualStudioVersion = 10.0.40219.1
Project("{FAE04EC0-301F-11D3-BF4B-00C04F79EFBC}") = "Tutorial_03", "Tutorial_03.csproj", "{06AF8187-3F3F-48BB-843B-E2EBF6383200}"
EndProject
Global
	GlobalSection(SolutionConfigurationPlatforms) = preSolution
		Debug|Any CPU = Debug|Any CPU
		Release|Any CPU = Release|Any CPU
	EndGlobalSection
	GlobalSection(ProjectConfigurationPlatforms) = postSolution
		{06AF8187-3F3F-48BB-843B-E2EBF6383200}.Debug|Any CPU.ActiveCfg = Debug|Any CPU
		{06AF8187-3F3F-48BB-843B-E2EBF6383200}.Debug|Any CPU.Build.0 = Debug|Any CPU
		{06AF8187-3F3F-48BB-843B-E2EBF6383200}.Release|Any CPU.ActiveCfg = Release|Any CPU
		{06AF8187-3F3F-48BB-843B-E2EBF6383200}.Release|Any CPU.Build.0 = Release|Any CPU
	EndGlobalSection
	GlobalSection(SolutionProperties) = preSolution
		HideSolutionNode = FALSE
	EndGlobalSection
	GlobalSection(ExtensibilityGlobals) = postSolution
		SolutionGuid = {C88C131E-4354-4BDE-AA24-9387DF11930C}
	EndGlobalSection
EndGlobal
